// !$*UTF8*$!
{ archiveVersion = 1; classes = {}; objectVersion = 56; objects = {
3E1F7E1740C929EF2771F9BE = { isa = PBXFileReference; lastKnownFileType = sourcecode.swift; path = "Sources/Core/Models.swift"; sourceTree = SOURCE_ROOT; };
9FCE50F305CBB1025277D8C7 = { isa = PBXFileReference; lastKnownFileType = sourcecode.swift; path = "Sources/Customer/CustomerApp.swift"; sourceTree = SOURCE_ROOT; };
3B40569B8E8862A20085C3FB = { isa = PBXFileReference; lastKnownFileType = sourcecode.swift; path = "Sources/Customer/ShopStore.swift"; sourceTree = SOURCE_ROOT; };
EABE330DB551B232523BAFD2 = { isa = PBXFileReference; lastKnownFileType = sourcecode.swift; path = "Sources/POS/BarcodeScanner.swift"; sourceTree = SOURCE_ROOT; };
0081A49207DED67D3C270F27 = { isa = PBXFileReference; lastKnownFileType = sourcecode.swift; path = "Sources/POS/POSApp.swift"; sourceTree = SOURCE_ROOT; };
0A9F6AC5E4BD1E874FD397CA = { isa = PBXFileReference; lastKnownFileType = sourcecode.swift; path = "Sources/Shared/AppState.swift"; sourceTree = SOURCE_ROOT; };
C4ADB2503FE8E1AF303C4884 = { isa = PBXFileReference; lastKnownFileType = sourcecode.swift; path = "Sources/Shared/PrinterTransport.swift"; sourceTree = SOURCE_ROOT; };
75097E02C1101B7BEEE4B060 = { isa = PBXFileReference; lastKnownFileType = sourcecode.swift; path = "Sources/Shared/WebWorkspace.swift"; sourceTree = SOURCE_ROOT; };
28DCF63E1EB5F53BA96138B3 = { isa = PBXFileReference; lastKnownFileType = folder.assetcatalog; path = "Resources/Assets.xcassets"; sourceTree = SOURCE_ROOT; };
5F2C0BAFF5ECE16FF3ADD729 = { isa = PBXFileReference; lastKnownFileType = text.xml; path = "Resources/PrivacyInfo.xcprivacy"; sourceTree = SOURCE_ROOT; };
FF8EA919D049225AF2F40F01 = { isa = PBXFileReference; lastKnownFileType = text.json; path = "Resources/catalog-preview.json"; sourceTree = SOURCE_ROOT; };
05476E78C16E9E5F5CCFF2EA = { isa = PBXFileReference; lastKnownFileType = sourcecode.swift; path = "Tests/AppUITests.swift"; sourceTree = SOURCE_ROOT; };
E8F868325364E0E5FB8D1533 = { isa = PBXBuildFile; fileRef = 3E1F7E1740C929EF2771F9BE; };
FB7795DEAE7F8204BD1D4D72 = { isa = PBXBuildFile; fileRef = 9FCE50F305CBB1025277D8C7; };
7A11F5D2B0F9C4F9D5B33F28 = { isa = PBXBuildFile; fileRef = 3B40569B8E8862A20085C3FB; };
15288458FD3ED1B6C2863295 = { isa = PBXBuildFile; fileRef = EABE330DB551B232523BAFD2; };
A0F43C1D85E24CA6DAD316E9 = { isa = PBXBuildFile; fileRef = 0081A49207DED67D3C270F27; };
2DABACAD665552A6FBA85F9C = { isa = PBXBuildFile; fileRef = 0A9F6AC5E4BD1E874FD397CA; };
AB4662E8BDB126225A038CC2 = { isa = PBXBuildFile; fileRef = C4ADB2503FE8E1AF303C4884; };
1498CF7C4B8688DFAC67FCE0 = { isa = PBXBuildFile; fileRef = 75097E02C1101B7BEEE4B060; };
49DE982690DDE5D97FFFB88D = { isa = PBXSourcesBuildPhase; buildActionMask = 2147483647; files = (E8F868325364E0E5FB8D1533,FB7795DEAE7F8204BD1D4D72,7A11F5D2B0F9C4F9D5B33F28,15288458FD3ED1B6C2863295,A0F43C1D85E24CA6DAD316E9,2DABACAD665552A6FBA85F9C,AB4662E8BDB126225A038CC2,1498CF7C4B8688DFAC67FCE0); runOnlyForDeploymentPostprocessing = 0; };
6C404510A856D9DEEAF368E0 = { isa = PBXBuildFile; fileRef = 28DCF63E1EB5F53BA96138B3; };
C96C1A89226F061BD4618086 = { isa = PBXBuildFile; fileRef = 5F2C0BAFF5ECE16FF3ADD729; };
BEDCEBB53F67C56E3C942B4D = { isa = PBXBuildFile; fileRef = FF8EA919D049225AF2F40F01; };
9B31BF24EA794E33092F95F5 = { isa = PBXResourcesBuildPhase; buildActionMask = 2147483647; files = (6C404510A856D9DEEAF368E0,C96C1A89226F061BD4618086,BEDCEBB53F67C56E3C942B4D); runOnlyForDeploymentPostprocessing = 0; };
B71B91CE02CEF0096F15B31B = { isa = PBXFrameworksBuildPhase; buildActionMask = 2147483647; files = (); runOnlyForDeploymentPostprocessing = 0; };
272C287C31BFA6738560E9D5 = { isa = XCBuildConfiguration; name = Debug; buildSettings = {PRODUCT_NAME = "$(TARGET_NAME)";PRODUCT_BUNDLE_IDENTIFIER = "de.getraenkeelias.kunden";SWIFT_VERSION = "5.0";SWIFT_ACTIVE_COMPILATION_CONDITIONS = "CUSTOMER_APP DEBUG";IPHONEOS_DEPLOYMENT_TARGET = "17.0";SDKROOT = "iphoneos";TARGETED_DEVICE_FAMILY = "1,2";CODE_SIGN_STYLE = "Automatic";DEVELOPMENT_TEAM = "LCYUVY9ZZ4";GENERATE_INFOPLIST_FILE = "NO";SWIFT_OPTIMIZATION_LEVEL = "-Onone";ENABLE_TESTABILITY = "YES";SUPPORTED_PLATFORMS = "iphoneos iphonesimulator";SUPPORTS_MACCATALYST = "NO";CLANG_ENABLE_MODULES = "YES";SWIFT_EMIT_LOC_STRINGS = "YES";MARKETING_VERSION = "0.1.0";CURRENT_PROJECT_VERSION = "1";INFOPLIST_FILE = "Config/EliasCustomer-Info.plist";ASSETCATALOG_COMPILER_APPICON_NAME = "AppIcon";}; };
56C332BBBCF7951CB753291F = { isa = XCBuildConfiguration; name = Release; buildSettings = {PRODUCT_NAME = "$(TARGET_NAME)";PRODUCT_BUNDLE_IDENTIFIER = "de.getraenkeelias.kunden";SWIFT_VERSION = "5.0";SWIFT_ACTIVE_COMPILATION_CONDITIONS = "CUSTOMER_APP";IPHONEOS_DEPLOYMENT_TARGET = "17.0";SDKROOT = "iphoneos";TARGETED_DEVICE_FAMILY = "1,2";CODE_SIGN_STYLE = "Automatic";DEVELOPMENT_TEAM = "LCYUVY9ZZ4";GENERATE_INFOPLIST_FILE = "NO";SWIFT_OPTIMIZATION_LEVEL = "-O";ENABLE_TESTABILITY = "NO";SUPPORTED_PLATFORMS = "iphoneos iphonesimulator";SUPPORTS_MACCATALYST = "NO";CLANG_ENABLE_MODULES = "YES";SWIFT_EMIT_LOC_STRINGS = "YES";MARKETING_VERSION = "0.1.0";CURRENT_PROJECT_VERSION = "1";INFOPLIST_FILE = "Config/EliasCustomer-Info.plist";ASSETCATALOG_COMPILER_APPICON_NAME = "AppIcon";}; };
EDAD2440C96C100655C2CE88 = { isa = XCConfigurationList; buildConfigurations = (272C287C31BFA6738560E9D5,56C332BBBCF7951CB753291F); defaultConfigurationIsVisible = 0; defaultConfigurationName = Release; };
1570FC3E25E6FCD9285546AA = { isa = PBXFileReference; explicitFileType = wrapper.application; path = EliasCustomer.app; sourceTree = BUILT_PRODUCTS_DIR; };
416956D7BC1336C05C654812 = { isa = PBXNativeTarget; buildConfigurationList = EDAD2440C96C100655C2CE88; buildPhases = (49DE982690DDE5D97FFFB88D,B71B91CE02CEF0096F15B31B,9B31BF24EA794E33092F95F5); buildRules = (); dependencies = (); name = EliasCustomer; productName = EliasCustomer; productReference = 1570FC3E25E6FCD9285546AA; productType = "com.apple.product-type.application"; };
E7E6C31CB0BEE4DAB45E193B = { isa = PBXBuildFile; fileRef = 05476E78C16E9E5F5CCFF2EA; };
9D49E5CD4BAC1EDAB1AFF620 = { isa = PBXSourcesBuildPhase; buildActionMask = 2147483647; files = (E7E6C31CB0BEE4DAB45E193B); runOnlyForDeploymentPostprocessing = 0; };
91541E74119F027D40989407 = { isa = PBXResourcesBuildPhase; buildActionMask = 2147483647; files = (); runOnlyForDeploymentPostprocessing = 0; };
6EE67E93CAEA8CED2AAFADA7 = { isa = PBXFrameworksBuildPhase; buildActionMask = 2147483647; files = (); runOnlyForDeploymentPostprocessing = 0; };
553CA9915A231096AF26DBB8 = { isa = XCBuildConfiguration; name = Debug; buildSettings = {PRODUCT_NAME = "$(TARGET_NAME)";PRODUCT_BUNDLE_IDENTIFIER = "de.getraenkeelias.kunden.uitests";SWIFT_VERSION = "5.0";SWIFT_ACTIVE_COMPILATION_CONDITIONS = "CUSTOMER_APP DEBUG";IPHONEOS_DEPLOYMENT_TARGET = "17.0";SDKROOT = "iphoneos";TARGETED_DEVICE_FAMILY = "1,2";CODE_SIGN_STYLE = "Automatic";DEVELOPMENT_TEAM = "LCYUVY9ZZ4";GENERATE_INFOPLIST_FILE = "YES";SWIFT_OPTIMIZATION_LEVEL = "-Onone";ENABLE_TESTABILITY = "YES";SUPPORTED_PLATFORMS = "iphoneos iphonesimulator";SUPPORTS_MACCATALYST = "NO";CLANG_ENABLE_MODULES = "YES";SWIFT_EMIT_LOC_STRINGS = "YES";MARKETING_VERSION = "0.1.0";CURRENT_PROJECT_VERSION = "1";TEST_TARGET_NAME = "EliasCustomer";}; };
9469F43C13FE3487C3E0C6CD = { isa = XCBuildConfiguration; name = Release; buildSettings = {PRODUCT_NAME = "$(TARGET_NAME)";PRODUCT_BUNDLE_IDENTIFIER = "de.getraenkeelias.kunden.uitests";SWIFT_VERSION = "5.0";SWIFT_ACTIVE_COMPILATION_CONDITIONS = "CUSTOMER_APP";IPHONEOS_DEPLOYMENT_TARGET = "17.0";SDKROOT = "iphoneos";TARGETED_DEVICE_FAMILY = "1,2";CODE_SIGN_STYLE = "Automatic";DEVELOPMENT_TEAM = "LCYUVY9ZZ4";GENERATE_INFOPLIST_FILE = "YES";SWIFT_OPTIMIZATION_LEVEL = "-O";ENABLE_TESTABILITY = "NO";SUPPORTED_PLATFORMS = "iphoneos iphonesimulator";SUPPORTS_MACCATALYST = "NO";CLANG_ENABLE_MODULES = "YES";SWIFT_EMIT_LOC_STRINGS = "YES";MARKETING_VERSION = "0.1.0";CURRENT_PROJECT_VERSION = "1";TEST_TARGET_NAME = "EliasCustomer";}; };
18AF2FEDF4A65545A838B49B = { isa = XCConfigurationList; buildConfigurations = (553CA9915A231096AF26DBB8,9469F43C13FE3487C3E0C6CD); defaultConfigurationIsVisible = 0; defaultConfigurationName = Release; };
B13907BF81F56684D346A2A5 = { isa = PBXFileReference; explicitFileType = wrapper.cfbundle; path = EliasCustomerUITests.xctest; sourceTree = BUILT_PRODUCTS_DIR; };
6EE3AC272C0DBBB209AD7A44 = { isa = PBXContainerItemProxy; containerPortal = 985959785319747668373CC6; proxyType = 1; remoteGlobalIDString = 416956D7BC1336C05C654812; remoteInfo = EliasCustomer; };
E227CF72C9E62F1630364E4D = { isa = PBXTargetDependency; target = 416956D7BC1336C05C654812; targetProxy = 6EE3AC272C0DBBB209AD7A44; };
2F8DD08056090C866817FF71 = { isa = PBXNativeTarget; buildConfigurationList = 18AF2FEDF4A65545A838B49B; buildPhases = (9D49E5CD4BAC1EDAB1AFF620,6EE67E93CAEA8CED2AAFADA7,91541E74119F027D40989407); buildRules = (); dependencies = (E227CF72C9E62F1630364E4D); name = EliasCustomerUITests; productName = EliasCustomerUITests; productReference = B13907BF81F56684D346A2A5; productType = "com.apple.product-type.bundle.ui-testing"; };
697BE3A524BEBBA970D19D1D = { isa = PBXBuildFile; fileRef = 3E1F7E1740C929EF2771F9BE; };
2B7F39D5306C10BFBF339F67 = { isa = PBXBuildFile; fileRef = 9FCE50F305CBB1025277D8C7; };
A89D4146B8567464488E4AA9 = { isa = PBXBuildFile; fileRef = 3B40569B8E8862A20085C3FB; };
647589B5F20C96B29C6327FE = { isa = PBXBuildFile; fileRef = EABE330DB551B232523BAFD2; };
E2E67E878310A7BF40030B2C = { isa = PBXBuildFile; fileRef = 0081A49207DED67D3C270F27; };
EB56ECED1A59F633914429F8 = { isa = PBXBuildFile; fileRef = 0A9F6AC5E4BD1E874FD397CA; };
0AAE28273B845F844961380C = { isa = PBXBuildFile; fileRef = C4ADB2503FE8E1AF303C4884; };
B2EAC8475199D33E735FAA7A = { isa = PBXBuildFile; fileRef = 75097E02C1101B7BEEE4B060; };
5E2B6E38C10957A059F4C0DD = { isa = PBXSourcesBuildPhase; buildActionMask = 2147483647; files = (697BE3A524BEBBA970D19D1D,2B7F39D5306C10BFBF339F67,A89D4146B8567464488E4AA9,647589B5F20C96B29C6327FE,E2E67E878310A7BF40030B2C,EB56ECED1A59F633914429F8,0AAE28273B845F844961380C,B2EAC8475199D33E735FAA7A); runOnlyForDeploymentPostprocessing = 0; };
E94AABFA508AACFCC1C11005 = { isa = PBXBuildFile; fileRef = 28DCF63E1EB5F53BA96138B3; };
5F145431578E950105F2DEE3 = { isa = PBXBuildFile; fileRef = 5F2C0BAFF5ECE16FF3ADD729; };
8CA2E39527E999CA08D2BEAA = { isa = PBXBuildFile; fileRef = FF8EA919D049225AF2F40F01; };
868A6B7E4CBBFF29C70A9257 = { isa = PBXResourcesBuildPhase; buildActionMask = 2147483647; files = (E94AABFA508AACFCC1C11005,5F145431578E950105F2DEE3,8CA2E39527E999CA08D2BEAA); runOnlyForDeploymentPostprocessing = 0; };
1974DD5B338B7309A9DAF5BE = { isa = PBXFrameworksBuildPhase; buildActionMask = 2147483647; files = (); runOnlyForDeploymentPostprocessing = 0; };
4B51B0A446E03555A944DE1E = { isa = XCBuildConfiguration; name = Debug; buildSettings = {PRODUCT_NAME = "$(TARGET_NAME)";PRODUCT_BUNDLE_IDENTIFIER = "de.getraenkeelias.kasse";SWIFT_VERSION = "5.0";SWIFT_ACTIVE_COMPILATION_CONDITIONS = "POS_APP DEBUG";IPHONEOS_DEPLOYMENT_TARGET = "17.0";SDKROOT = "iphoneos";TARGETED_DEVICE_FAMILY = "2";CODE_SIGN_STYLE = "Automatic";DEVELOPMENT_TEAM = "LCYUVY9ZZ4";GENERATE_INFOPLIST_FILE = "NO";SWIFT_OPTIMIZATION_LEVEL = "-Onone";ENABLE_TESTABILITY = "YES";SUPPORTED_PLATFORMS = "iphoneos iphonesimulator";SUPPORTS_MACCATALYST = "NO";CLANG_ENABLE_MODULES = "YES";SWIFT_EMIT_LOC_STRINGS = "YES";MARKETING_VERSION = "0.1.0";CURRENT_PROJECT_VERSION = "1";INFOPLIST_FILE = "Config/EliasPOS-Info.plist";ASSETCATALOG_COMPILER_APPICON_NAME = "AppIcon";}; };
6032B87F504A9FA79B37B112 = { isa = XCBuildConfiguration; name = Release; buildSettings = {PRODUCT_NAME = "$(TARGET_NAME)";PRODUCT_BUNDLE_IDENTIFIER = "de.getraenkeelias.kasse";SWIFT_VERSION = "5.0";SWIFT_ACTIVE_COMPILATION_CONDITIONS = "POS_APP";IPHONEOS_DEPLOYMENT_TARGET = "17.0";SDKROOT = "iphoneos";TARGETED_DEVICE_FAMILY = "2";CODE_SIGN_STYLE = "Automatic";DEVELOPMENT_TEAM = "LCYUVY9ZZ4";GENERATE_INFOPLIST_FILE = "NO";SWIFT_OPTIMIZATION_LEVEL = "-O";ENABLE_TESTABILITY = "NO";SUPPORTED_PLATFORMS = "iphoneos iphonesimulator";SUPPORTS_MACCATALYST = "NO";CLANG_ENABLE_MODULES = "YES";SWIFT_EMIT_LOC_STRINGS = "YES";MARKETING_VERSION = "0.1.0";CURRENT_PROJECT_VERSION = "1";INFOPLIST_FILE = "Config/EliasPOS-Info.plist";ASSETCATALOG_COMPILER_APPICON_NAME = "AppIcon";}; };
6244677FD7EFFBEB7F08DE39 = { isa = XCConfigurationList; buildConfigurations = (4B51B0A446E03555A944DE1E,6032B87F504A9FA79B37B112); defaultConfigurationIsVisible = 0; defaultConfigurationName = Release; };
9DCC23E6FE38197F6DA6228A = { isa = PBXFileReference; explicitFileType = wrapper.application; path = EliasPOS.app; sourceTree = BUILT_PRODUCTS_DIR; };
0E59E17C78FD67A69E4ECA8A = { isa = PBXNativeTarget; buildConfigurationList = 6244677FD7EFFBEB7F08DE39; buildPhases = (5E2B6E38C10957A059F4C0DD,1974DD5B338B7309A9DAF5BE,868A6B7E4CBBFF29C70A9257); buildRules = (); dependencies = (); name = EliasPOS; productName = EliasPOS; productReference = 9DCC23E6FE38197F6DA6228A; productType = "com.apple.product-type.application"; };
45BBB9457354CCB4B91FF294 = { isa = PBXBuildFile; fileRef = 05476E78C16E9E5F5CCFF2EA; };
856ACFE7E50B2A6620C76C40 = { isa = PBXSourcesBuildPhase; buildActionMask = 2147483647; files = (45BBB9457354CCB4B91FF294); runOnlyForDeploymentPostprocessing = 0; };
952A7B2CB529CEE4F68F1A80 = { isa = PBXResourcesBuildPhase; buildActionMask = 2147483647; files = (); runOnlyForDeploymentPostprocessing = 0; };
2246BD3E7078031B378A08D9 = { isa = PBXFrameworksBuildPhase; buildActionMask = 2147483647; files = (); runOnlyForDeploymentPostprocessing = 0; };
B0FC88A337D81DA09F470827 = { isa = XCBuildConfiguration; name = Debug; buildSettings = {PRODUCT_NAME = "$(TARGET_NAME)";PRODUCT_BUNDLE_IDENTIFIER = "de.getraenkeelias.kasse.uitests";SWIFT_VERSION = "5.0";SWIFT_ACTIVE_COMPILATION_CONDITIONS = "POS_APP DEBUG";IPHONEOS_DEPLOYMENT_TARGET = "17.0";SDKROOT = "iphoneos";TARGETED_DEVICE_FAMILY = "2";CODE_SIGN_STYLE = "Automatic";DEVELOPMENT_TEAM = "LCYUVY9ZZ4";GENERATE_INFOPLIST_FILE = "YES";SWIFT_OPTIMIZATION_LEVEL = "-Onone";ENABLE_TESTABILITY = "YES";SUPPORTED_PLATFORMS = "iphoneos iphonesimulator";SUPPORTS_MACCATALYST = "NO";CLANG_ENABLE_MODULES = "YES";SWIFT_EMIT_LOC_STRINGS = "YES";MARKETING_VERSION = "0.1.0";CURRENT_PROJECT_VERSION = "1";TEST_TARGET_NAME = "EliasPOS";}; };
BABAA7E92C9092C7C8B2E0F3 = { isa = XCBuildConfiguration; name = Release; buildSettings = {PRODUCT_NAME = "$(TARGET_NAME)";PRODUCT_BUNDLE_IDENTIFIER = "de.getraenkeelias.kasse.uitests";SWIFT_VERSION = "5.0";SWIFT_ACTIVE_COMPILATION_CONDITIONS = "POS_APP";IPHONEOS_DEPLOYMENT_TARGET = "17.0";SDKROOT = "iphoneos";TARGETED_DEVICE_FAMILY = "2";CODE_SIGN_STYLE = "Automatic";DEVELOPMENT_TEAM = "LCYUVY9ZZ4";GENERATE_INFOPLIST_FILE = "YES";SWIFT_OPTIMIZATION_LEVEL = "-O";ENABLE_TESTABILITY = "NO";SUPPORTED_PLATFORMS = "iphoneos iphonesimulator";SUPPORTS_MACCATALYST = "NO";CLANG_ENABLE_MODULES = "YES";SWIFT_EMIT_LOC_STRINGS = "YES";MARKETING_VERSION = "0.1.0";CURRENT_PROJECT_VERSION = "1";TEST_TARGET_NAME = "EliasPOS";}; };
435D742B9A97CBD99B323B26 = { isa = XCConfigurationList; buildConfigurations = (B0FC88A337D81DA09F470827,BABAA7E92C9092C7C8B2E0F3); defaultConfigurationIsVisible = 0; defaultConfigurationName = Release; };
3550F18C692D3C44E03B9A0C = { isa = PBXFileReference; explicitFileType = wrapper.cfbundle; path = EliasPOSUITests.xctest; sourceTree = BUILT_PRODUCTS_DIR; };
C84558AAE1D146256E20CF8A = { isa = PBXContainerItemProxy; containerPortal = 985959785319747668373CC6; proxyType = 1; remoteGlobalIDString = 0E59E17C78FD67A69E4ECA8A; remoteInfo = EliasPOS; };
A48D17929B3A959B9BEFF8A7 = { isa = PBXTargetDependency; target = 0E59E17C78FD67A69E4ECA8A; targetProxy = C84558AAE1D146256E20CF8A; };
B09C4DDD5C672C929A713CCB = { isa = PBXNativeTarget; buildConfigurationList = 435D742B9A97CBD99B323B26; buildPhases = (856ACFE7E50B2A6620C76C40,2246BD3E7078031B378A08D9,952A7B2CB529CEE4F68F1A80); buildRules = (); dependencies = (A48D17929B3A959B9BEFF8A7); name = EliasPOSUITests; productName = EliasPOSUITests; productReference = 3550F18C692D3C44E03B9A0C; productType = "com.apple.product-type.bundle.ui-testing"; };
4EDC8BFAFC6BD936B849F38C = { isa = PBXGroup; children = (1570FC3E25E6FCD9285546AA,B13907BF81F56684D346A2A5,9DCC23E6FE38197F6DA6228A,3550F18C692D3C44E03B9A0C); name = Products; sourceTree = "<group>"; };
44CB005EE2E65D9CC817B0A0 = { isa = PBXGroup; children = (3E1F7E1740C929EF2771F9BE,9FCE50F305CBB1025277D8C7,3B40569B8E8862A20085C3FB,EABE330DB551B232523BAFD2,0081A49207DED67D3C270F27,0A9F6AC5E4BD1E874FD397CA,C4ADB2503FE8E1AF303C4884,75097E02C1101B7BEEE4B060,28DCF63E1EB5F53BA96138B3,5F2C0BAFF5ECE16FF3ADD729,FF8EA919D049225AF2F40F01,05476E78C16E9E5F5CCFF2EA,4EDC8BFAFC6BD936B849F38C); sourceTree = "<group>"; };
433548979C024CC63B5F3B8D = { isa = XCBuildConfiguration; name = Debug; buildSettings = {ALWAYS_SEARCH_USER_PATHS = NO; CLANG_ENABLE_MODULES = YES; }; };
B800A40FDE6F0A0218D9BCD2 = { isa = XCBuildConfiguration; name = Release; buildSettings = {ALWAYS_SEARCH_USER_PATHS = NO; CLANG_ENABLE_MODULES = YES; }; };
3C05BEEE7303EE3FA7B250FA = { isa = XCConfigurationList; buildConfigurations = (433548979C024CC63B5F3B8D,B800A40FDE6F0A0218D9BCD2); defaultConfigurationIsVisible = 0; defaultConfigurationName = Release; };
985959785319747668373CC6 = { isa = PBXProject; attributes = { LastUpgradeCheck = 2630; }; buildConfigurationList = 3C05BEEE7303EE3FA7B250FA; compatibilityVersion = "Xcode 14.0"; developmentRegion = de; knownRegions = (de,en,Base); mainGroup = 44CB005EE2E65D9CC817B0A0; productRefGroup = 4EDC8BFAFC6BD936B849F38C; projectDirPath = ""; projectRoot = ""; targets = (416956D7BC1336C05C654812,2F8DD08056090C866817FF71,0E59E17C78FD67A69E4ECA8A,B09C4DDD5C672C929A713CCB); };
}; rootObject = 985959785319747668373CC6; }
